Microsoft Visual Studio Solution File, Format Version 12.00
# Visual Studio 2012
Project("{FAE04EC0-301F-11D3-BF4B-00C04F79EFBC}") = "GoSharper", "GoSharper.csproj", "{44BA8778-6B84-4F88-8623-A45784929733}"
EndProject
Global
	GlobalSection(SolutionConfigurationPlatforms) = preSolution
	Debug|Any CPU = Debug|Any CPU
	ExportDebug|Any CPU = ExportDebug|Any CPU
	ExportRelease|Any CPU = ExportRelease|Any CPU
	EndGlobalSection
	GlobalSection(ProjectConfigurationPlatforms) = postSolution
		{44BA8778-6B84-4F88-8623-A45784929733}.Debug|Any CPU.ActiveCfg = Debug|Any CPU
		{44BA8778-6B84-4F88-8623-A45784929733}.Debug|Any CPU.Build.0 = Debug|Any CPU
		{44BA8778-6B84-4F88-8623-A45784929733}.ExportDebug|Any CPU.ActiveCfg = ExportDebug|Any CPU
		{44BA8778-6B84-4F88-8623-A45784929733}.ExportDebug|Any CPU.Build.0 = ExportDebug|Any CPU
		{44BA8778-6B84-4F88-8623-A45784929733}.ExportRelease|Any CPU.ActiveCfg = ExportRelease|Any CPU
		{44BA8778-6B84-4F88-8623-A45784929733}.ExportRelease|Any CPU.Build.0 = ExportRelease|Any CPU
	EndGlobalSection
EndGlobal
